
Microsoft Visual Studio Solution File, Format Version 12.00
# Visual Studio Version 17
VisualStudioVersion = 17.10.35027.167
MinimumVisualStudioVersion = 10.0.40219.1
Project("{FAE04EC0-301F-11D3-BF4B-00C04F79EFBC}") = "ConsultaCEP", "ConsultaCEP.csproj", "{DEC00C2D-EFE4-42D2-B3F0-39C66FEE12C0}"
EndProject
Global
	GlobalSection(SolutionConfigurationPlatforms) = preSolution
		Debug|Any CPU = Debug|Any CPU
		Release|Any CPU = Release|Any CPU
	EndGlobalSection
	GlobalSection(ProjectConfigurationPlatforms) = postSolution
		{DEC00C2D-EFE4-42D2-B3F0-39C66FEE12C0}.Debug|Any CPU.ActiveCfg = Debug|Any CPU
		{DEC00C2D-EFE4-42D2-B3F0-39C66FEE12C0}.Debug|Any CPU.Build.0 = Debug|Any CPU
		{DEC00C2D-EFE4-42D2-B3F0-39C66FEE12C0}.Release|Any CPU.ActiveCfg = Release|Any CPU
		{DEC00C2D-EFE4-42D2-B3F0-39C66FEE12C0}.Release|Any CPU.Build.0 = Release|Any CPU
	EndGlobalSection
	GlobalSection(SolutionProperties) = preSolution
		HideSolutionNode = FALSE
	EndGlobalSection
	GlobalSection(ExtensibilityGlobals) = postSolution
		SolutionGuid = {B6580569-63B6-45C2-B8EE-C5FD77D5794C}
	EndGlobalSection
EndGlobal
